// !$*UTF8*$!
{
	archiveVersion = 1;
	classes = {
	};
	objectVersion = 46;
	objects = {

/* Begin PBXBuildFile section */
		86920EEA1C730244003EB814 /* AppDelegate.swift in Sources */ = {isa = PBXBuildFile; fileRef = 86920EE91C730244003EB814 /* AppDelegate.swift */; };
		86920EEC1C730244003EB814 /* ViewController.swift in Sources */ = {isa = PBXBuildFile; fileRef = 86920EEB1C730244003EB814 /* ViewController.swift */; };
		86920EEF1C730244003EB814 /* Main.storyboard in Resources */ = {isa = PBXBuildFile; fileRef = 86920EED1C730244003EB814 /* Main.storyboard */; };
		86920EF11C730244003EB814 /* Assets.xcassets in Resources */ = {isa = PBXBuildFile; fileRef = 86920EF01C730244003EB814 /* Assets.xcassets */; };
		86920EF41C730244003EB814 /* LaunchScreen.storyboard in Resources */ = {isa = PBXBuildFile; fileRef = 86920EF21C730244003EB814 /* LaunchScreen.storyboard */; };
/* End PBXBuildFile section */

/* Begin PBXFileReference section */
		86920EE61C730244003EB814 /* ShiHuoWo.app */ = {isa = PBXFileReference; explicitFileType = wrapper.application; includeInIndex = 0; path = ShiHuoWo.app; sourceTree = BUILT_PRODUCTS_DIR; };
		86920EE91C730244003EB814 /* AppDelegate.swift */ = {isa = PBXFileReference; lastKnownFileType = sourcecode.swift; path = AppDelegate.swift; sourceTree = "<group>"; };
		86920EEB1C730244003EB814 /* ViewController.swift */ = {isa = PBXFileReference; lastKnownFileType = sourcecode.swift; path = ViewController.swift; sourceTree = "<group>"; };
		86920EEE1C730244003EB814 /* Base */ = {isa = PBXFileReference; lastKnownFileType = file.storyboard; name = Base; path = Base.lproj/Main.storyboard; sourceTree = "<group>"; };
		86920EF01C730244003EB814 /* Assets.xcassets */ = {isa = PBXFileReference; lastKnownFileType = folder.assetcatalog; path = Assets.xcassets; sourceTree = "<group>"; };
		86920EF31C730244003EB814 /* Base */ = {isa = PBXFileReference; lastKnownFileType = file.storyboard; name = Base; path = Base.lproj/LaunchScreen.storyboard; sourceTree = "<group>"; };
		86920EF51C730244003EB814 /* Info.plist */ = {isa = PBXFileReference; lastKnownFileType = text.plist.xml; path = Info.plist; sourceTree = "<group>"; };
		86920EFB1C7302AD003EB814 /* zh-Hans */ = {isa = PBXFileReference; lastKnownFileType = text.plist.strings; name = "zh-Hans"; path = "zh-Hans.lproj/Main.strings"; sourceTree = "<group>"; };
		86920EFC1C7302AD003EB814 /* zh-Hans */ = {isa = PBXFileReference; lastKnownFileType = text.plist.strings; name = "zh-Hans"; path = "zh-Hans.lproj/LaunchScreen.strings"; sourceTree = "<group>"; };
/* End PBXFileReference section */

/* Begin PBXFrameworksBuildPhase section */
		86920EE31C730244003EB814 /* Frameworks */ = {
			isa = PBXFrameworksBuildPhase;
			buildActionMask = 2147483647;
			files = (
			);
			runOnlyForDeploymentPostprocessing = 0;
		};
/* End PBXFrameworksBuildPhase section */

/* Begin PBXGroup section */
		86920EDD1C730244003EB814 = {
			isa = PBXGroup;
			children = (
				86920EE81C730244003EB814 /* ShiHuoWo */,
				86920EE71C730244003EB814 /* Products */,
			);
			sourceTree = "<group>";
		};
		86920EE71C730244003EB814 /* Products */ = {
			isa = PBXGroup;
			children = (
				86920EE61C730244003EB814 /* ShiHuoWo.app */,
			);
			name = Products;
			sourceTree = "<group>";
		};
		86920EE81C730244003EB814 /* ShiHuoWo */ = {
			isa = PBXGroup;
			children = (
				86920EE91C730244003EB814 /* AppDelegate.swift */,
				86920EEB1C730244003EB814 /* ViewController.swift */,
				86920EED1C730244003EB814 /* Main.storyboard */,
				86920EF01C730244003EB814 /* Assets.xcassets */,
				86920EF21C730244003EB814 /* LaunchScreen.storyboard */,
				86920EF51C730244003EB814 /* Info.plist */,
			);
			path = ShiHuoWo;
			sourceTree = "<group>";
		};
/* End PBXGroup section */

/* Begin PBXNativeTarget section */
		86920EE51C730244003EB814 /* ShiHuoWo */ = {
			isa = PBXNativeTarget;
			buildConfigurationList = 86920EF81C730244003EB814 /* Build configuration list for PBXNativeTarget "ShiHuoWo" */;
			buildPhases = (
				86920EE21C730244003EB814 /* Sources */,
				86920EE31C730244003EB814 /* Frameworks */,
				86920EE41C730244003EB814 /* Resources */,
			);
			buildRules = (
			);
			dependencies = (
			);
			name = ShiHuoWo;
			productName = ShiHuoWo;
			productReference = 86920EE61C730244003EB814 /* ShiHuoWo.app */;
			productType = "com.apple.product-type.application";
		};
/* End PBXNativeTarget section */

/* Begin PBXProject section */
		86920EDE1C730244003EB814 /* Project object */ = {
			isa = PBXProject;
			attributes = {
				LastSwiftUpdateCheck = 0720;
				LastUpgradeCheck = 0720;
				ORGANIZATIONNAME = Hesse;
				TargetAttributes = {
					86920EE51C730244003EB814 = {
						CreatedOnToolsVersion = 7.2.1;
					};
				};
			};
			buildConfigurationList = 86920EE11C730244003EB814 /* Build configuration list for PBXProject "ShiHuoWo" */;
			compatibilityVersion = "Xcode 3.2";
			developmentRegion = English;
			hasScannedForEncodings = 0;
			knownRegions = (
				en,
				Base,
			);
			mainGroup = 86920EDD1C730244003EB814;
			productRefGroup = 86920EE71C730244003EB814 /* Products */;
			projectDirPath = "";
			projectRoot = "";
			targets = (
				86920EE51C730244003EB814 /* ShiHuoWo */,
			);
		};
/* End PBXProject section */

/* Begin PBXResourcesBuildPhase section */
		86920EE41C730244003EB814 /* Resources */ = {
			isa = PBXResourcesBuildPhase;
			buildActionMask = 2147483647;
			files = (
				86920EF41C730244003EB814 /* LaunchScreen.storyboard in Resources */,
				86920EF11C730244003EB814 /* Assets.xcassets in Resources */,
				86920EEF1C730244003EB814 /* Main.storyboard in Resources */,
			);
			runOnlyForDeploymentPostprocessing = 0;
		};
/* End PBXResourcesBuildPhase section */

/* Begin PBXSourcesBuildPhase section */
		86920EE21C730244003EB814 /* Sources */ = {
			isa = PBXSourcesBuildPhase;
			buildActionMask = 2147483647;
			files = (
				86920EEC1C730244003EB814 /* ViewController.swift in Sources */,
				86920EEA1C730244003EB814 /* AppDelegate.swift in Sources */,
			);
			runOnlyForDeploymentPostprocessing = 0;
		};
/* End PBXSourcesBuildPhase section */

/* Begin PBXVariantGroup section */
		86920EED1C730244003EB814 /* Main.storyboard */ = {
			isa = PBXVariantGroup;
			children = (
				86920EEE1C730244003EB814 /* Base */,
				86920EFB1C7302AD003EB814 /* zh-Hans */,
			);
			name = Main.storyboard;
			sourceTree = "<group>";
		};
		86920EF21C730244003EB814 /* LaunchScreen.storyboard */ = {
			isa = PBXVariantGroup;
			children = (
				86920EF31C730244003EB814 /* Base */,
				86920EFC1C7302AD003EB814 /* zh-Hans */,
			);
			name = LaunchScreen.storyboard;
			sourceTree = "<group>";
		};
/* End PBXVariantGroup section */

/* Begin XCBuildConfiguration section */
		86920EF61C730244003EB814 /* Debug */ = {
			isa = XCBuildConfiguration;
			buildSettings = {
				ALWAYS_SEARCH_USER_PATHS = NO;
				CLANG_CXX_LANGUAGE_STANDARD = "gnu++0x";
				CLANG_CXX_LIBRARY = "libc++";
				CLANG_ENABLE_MODULES = YES;
				CLANG_ENABLE_OBJC_ARC = YES;
				CLANG_WARN_BOOL_CONVERSION = YES;
				CLANG_WARN_CONSTANT_CONVERSION = YES;
				CLANG_WARN_DIRECT_OBJC_ISA_USAGE = YES_ERROR;
				CLANG_WARN_EMPTY_BODY = YES;
				CLANG_WARN_ENUM_CONVERSION = YES;
				CLANG_WARN_INT_CONVERSION = YES;
				CLANG_WARN_OBJC_ROOT_CLASS = YES_ERROR;
				CLANG_WARN_UNREACHABLE_CODE = YES;
				CLANG_WARN__DUPLICATE_METHOD_MATCH = YES;
				"CODE_SIGN_IDENTITY[sdk=iphoneos*]" = "iPhone Developer";
				COPY_PHASE_STRIP = NO;
				DEBUG_INFORMATION_FORMAT = dwarf;
				ENABLE_STRICT_OBJC_MSGSEND = YES;
				ENABLE_TESTABILITY = YES;
				GCC_C_LANGUAGE_STANDARD = gnu99;
				GCC_DYNAMIC_NO_PIC = NO;
				GCC_NO_COMMON_BLOCKS = YES;
				GCC_OPTIMIZATION_LEVEL = 0;
				GCC_PREPROCESSOR_DEFINITIONS = (
					"DEBUG=1",
					"$(inherited)",
				);
				GCC_WARN_64_TO_32_BIT_CONVERSION = YES;
				GCC_WARN_ABOUT_RETURN_TYPE = YES_ERROR;
				GCC_WARN_UNDECLARED_SELECTOR = YES;
				GCC_WARN_UNINITIALIZED_AUTOS = YES_AGGRESSIVE;
				GCC_WARN_UNUSED_FUNCTION = YES;
				GCC_WARN_UNUSED_VARIABLE = YES;
				IPHONEOS_DEPLOYMENT_TARGET = 9.2;
				MTL_ENABLE_DEBUG_INFO = YES;
				ONLY_ACTIVE_ARCH = YES;
				SDKROOT = iphoneos;
				SWIFT_OPTIMIZATION_LEVEL = "-Onone";
			};
			name = Debug;
		};
		86920EF71C730244003EB814 /* Release */ = {
			isa = XCBuildConfiguration;
			buildSettings = {
				ALWAYS_SEARCH_USER_PATHS = NO;
				CLANG_CXX_LANGUAGE_STANDARD = "gnu++0x";
				CLANG_CXX_LIBRARY = "libc++";
				CLANG_ENABLE_MODULES = YES;
				CLANG_ENABLE_OBJC_ARC = YES;
				CLANG_WARN_BOOL_CONVERSION = YES;
				CLANG_WARN_CONSTANT_CONVERSION = YES;
				CLANG_WARN_DIRECT_OBJC_ISA_USAGE = YES_ERROR;
				CLANG_WARN_EMPTY_BODY = YES;
				CLANG_WARN_ENUM_CONVERSION = YES;
				CLANG_WARN_INT_CONVERSION = YES;
				CLANG_WARN_OBJC_ROOT_CLASS = YES_ERROR;
				CLANG_WARN_UNREACHABLE_CODE = YES;
				CLANG_WARN__DUPLICATE_METHOD_MATCH = YES;
				"CODE_SIGN_IDENTITY[sdk=iphoneos*]" = "iPhone Developer";
				COPY_PHASE_STRIP = NO;
				DEBUG_INFORMATION_FORMAT = "dwarf-with-dsym";
				ENABLE_NS_ASSERTIONS = NO;
				ENABLE_STRICT_OBJC_MSGSEND = YES;
				GCC_C_LANGUAGE_STANDARD = gnu99;
				GCC_NO_COMMON_BLOCKS = YES;
				GCC_WARN_64_TO_32_BIT_CONVERSION = YES;
				GCC_WARN_ABOUT_RETURN_TYPE = YES_ERROR;
				GCC_WARN_UNDECLARED_SELECTOR = YES;
				GCC_WARN_UNINITIALIZED_AUTOS = YES_AGGRESSIVE;
				GCC_WARN_UNUSED_FUNCTION = YES;
				GCC_WARN_UNUSED_VARIABLE = YES;
				IPHONEOS_DEPLOYMENT_TARGET = 9.2;
				MTL_ENABLE_DEBUG_INFO = NO;
				SDKROOT = iphoneos;
				VALIDATE_PRODUCT = YES;
			};
			name = Release;
		};
		86920EF91C730244003EB814 /* Debug */ = {
			isa = XCBuildConfiguration;
			buildSettings = {
				ASSETCATALOG_COMPILER_APPICON_NAME = AppIcon;
				INFOPLIST_FILE = ShiHuoWo/Info.plist;
				LD_RUNPATH_SEARCH_PATHS = "$(inherited) @executable_path/Frameworks";
				PRODUCT_BUNDLE_IDENTIFIER = com.hesse.ShiHuoWo;
				PRODUCT_NAME = "$(TARGET_NAME)";
			};
			name = Debug;
		};
		86920EFA1C730244003EB814 /* Release */ = {
			isa = XCBuildConfiguration;
			buildSettings = {
				ASSETCATALOG_COMPILER_APPICON_NAME = AppIcon;
				INFOPLIST_FILE = ShiHuoWo/Info.plist;
				LD_RUNPATH_SEARCH_PATHS = "$(inherited) @executable_path/Frameworks";
				PRODUCT_BUNDLE_IDENTIFIER = com.hesse.ShiHuoWo;
				PRODUCT_NAME = "$(TARGET_NAME)";
			};
			name = Release;
		};
/* End XCBuildConfiguration section */

/* Begin XCConfigurationList section */
		86920EE11C730244003EB814 /* Build configuration list for PBXProject "ShiHuoWo" */ = {
			isa = XCConfigurationList;
			buildConfigurations = (
				86920EF61C730244003EB814 /* Debug */,
				86920EF71C730244003EB814 /* Release */,
			);
			defaultConfigurationIsVisible = 0;
			defaultConfigurationName = Release;
		};
		86920EF81C730244003EB814 /* Build configuration list for PBXNativeTarget "ShiHuoWo" */ = {
			isa = XCConfigurationList;
			buildConfigurations = (
				86920EF91C730244003EB814 /* Debug */,
				86920EFA1C730244003EB814 /* Release */,
			);
			defaultConfigurationIsVisible = 0;
		};
/* End XCConfigurationList section */
	};
	rootObject = 86920EDE1C730244003EB814 /* Project object */;
}
